
Microsoft Visual Studio Solution File, Format Version 12.00
# Visual Studio 15
VisualStudioVersion = 15.0.27130.2010
MinimumVisualStudioVersion = 10.0.40219.1
Project("{9A19103F-16F7-4668-BE54-9A1E7A4F7556}") = "DoubleTap.Email", "DoubleTap.Email\DoubleTap.Email.csproj", "{BD833A33-C88A-4D05-9289-4F4E326A4823}"
EndProject
Project("{FAE04EC0-301F-11D3-BF4B-00C04F79EFBC}") = "DoubleTap.Email.Templating.Razor", "DoubleTap.Email.Templating.Razor\DoubleTap.Email.Templating.Razor.csproj", "{A21559D3-A934-4D6F-8DE9-D66D1BB9E1DF}"
EndProject
Global
	GlobalSection(SolutionConfigurationPlatforms) = preSolution
		Debug|Any CPU = Debug|Any CPU
		Release|Any CPU = Release|Any CPU
	EndGlobalSection
	GlobalSection(ProjectConfigurationPlatforms) = postSolution
		{BD833A33-C88A-4D05-9289-4F4E326A4823}.Debug|Any CPU.ActiveCfg = Debug|Any CPU
		{BD833A33-C88A-4D05-9289-4F4E326A4823}.Debug|Any CPU.Build.0 = Debug|Any CPU
		{BD833A33-C88A-4D05-9289-4F4E326A4823}.Release|Any CPU.ActiveCfg = Release|Any CPU
		{BD833A33-C88A-4D05-9289-4F4E326A4823}.Release|Any CPU.Build.0 = Release|Any CPU
		{A21559D3-A934-4D6F-8DE9-D66D1BB9E1DF}.Debug|Any CPU.ActiveCfg = Debug|Any CPU
		{A21559D3-A934-4D6F-8DE9-D66D1BB9E1DF}.Debug|Any CPU.Build.0 = Debug|Any CPU
		{A21559D3-A934-4D6F-8DE9-D66D1BB9E1DF}.Release|Any CPU.ActiveCfg = Release|Any CPU
		{A21559D3-A934-4D6F-8DE9-D66D1BB9E1DF}.Release|Any CPU.Build.0 = Release|Any CPU
	EndGlobalSection
	GlobalSection(SolutionProperties) = preSolution
		HideSolutionNode = FALSE
	EndGlobalSection
	GlobalSection(ExtensibilityGlobals) = postSolution
		SolutionGuid = {11D7C86A-6CA5-4025-908D-7D5E28B44E95}
	EndGlobalSection
EndGlobal
